
Microsoft Visual Studio Solution File, Format Version 12.00
# Visual Studio Version 17
VisualStudioVersion = 17.7.34024.191
MinimumVisualStudioVersion = 10.0.40219.1
Project("{FAE04EC0-301F-11D3-BF4B-00C04F79EFBC}") = "FileReadWtrite", "FileReadWtrite\FileReadWtrite.csproj", "{90CD715E-AE70-4C4A-A773-C34303411F21}"
EndProject
Global
	GlobalSection(SolutionConfigurationPlatforms) = preSolution
		Debug|Any CPU = Debug|Any CPU
		Release|Any CPU = Release|Any CPU
	EndGlobalSection
	GlobalSection(ProjectConfigurationPlatforms) = postSolution
		{90CD715E-AE70-4C4A-A773-C34303411F21}.Debug|Any CPU.ActiveCfg = Debug|Any CPU
		{90CD715E-AE70-4C4A-A773-C34303411F21}.Debug|Any CPU.Build.0 = Debug|Any CPU
		{90CD715E-AE70-4C4A-A773-C34303411F21}.Release|Any CPU.ActiveCfg = Release|Any CPU
		{90CD715E-AE70-4C4A-A773-C34303411F21}.Release|Any CPU.Build.0 = Release|Any CPU
	EndGlobalSection
	GlobalSection(SolutionProperties) = preSolution
		HideSolutionNode = FALSE
	EndGlobalSection
	GlobalSection(ExtensibilityGlobals) = postSolution
		SolutionGuid = {0DEFDE13-918B-4FDC-B51D-F79D51B7F43F}
	EndGlobalSection
EndGlobal
